// !$*UTF8*$!
{
	archiveVersion = 1;
	classes = {
	};
	objectVersion = 50;
	objects = {

/* Begin PBXBuildFile section */
		44BDB7B85C8540B6D67A1B23 /* Pods_PetShop.framework in Frameworks */ = {isa = PBXBuildFile; fileRef = FD21E02E4C8CA168790E13ED /* Pods_PetShop.framework */; };
		7C083A5523635753009375C9 /* CodeViewController.swift in Sources */ = {isa = PBXBuildFile; fileRef = 7C083A5423635753009375C9 /* CodeViewController.swift */; };
		7C42F11D23651D0B006801D9 /* AttributeViewController.swift in Sources */ = {isa = PBXBuildFile; fileRef = 7C42F11C23651D0B006801D9 /* AttributeViewController.swift */; };
		7C42F12023652B28006801D9 /* AttributeTableViewCell.swift in Sources */ = {isa = PBXBuildFile; fileRef = 7C42F11F23652B28006801D9 /* AttributeTableViewCell.swift */; };
		7C488C3422C576A200FCF6DF /* LatestProductCollectionViewCell.swift in Sources */ = {isa = PBXBuildFile; fileRef = 7C488C3322C576A200FCF6DF /* LatestProductCollectionViewCell.swift */; };
		7C49E5832370717800E372B9 /* ProductAttributes.swift in Sources */ = {isa = PBXBuildFile; fileRef = 7C49E5822370717800E372B9 /* ProductAttributes.swift */; };
		7C50C207234D3EE3006168AE /* UIScrollView+TPKeyboardAvoidingAdditions.m in Sources */ = {isa = PBXBuildFile; fileRef = 7C50C201234D3EE2006168AE /* UIScrollView+TPKeyboardAvoidingAdditions.m */; };
		7C50C208234D3EE3006168AE /* TPKeyboardAvoidingTableView.m in Sources */ = {isa = PBXBuildFile; fileRef = 7C50C202234D3EE2006168AE /* TPKeyboardAvoidingTableView.m */; };
		7C50C209234D3EE3006168AE /* TPKeyboardAvoidingScrollView.m in Sources */ = {isa = PBXBuildFile; fileRef = 7C50C203234D3EE2006168AE /* TPKeyboardAvoidingScrollView.m */; };
		7C50C20A234D3EE3006168AE /* TPKeyboardAvoidingCollectionView.m in Sources */ = {isa = PBXBuildFile; fileRef = 7C50C205234D3EE2006168AE /* TPKeyboardAvoidingCollectionView.m */; };
		7C5423C2234E0A5900D38342 /* ShippingDetailViewController.swift in Sources */ = {isa = PBXBuildFile; fileRef = 7C5423C1234E0A5900D38342 /* ShippingDetailViewController.swift */; };
		7C54F0C023491F2800FCCFDA /* OrderDetail.swift in Sources */ = {isa = PBXBuildFile; fileRef = 7C54F0BF23491F2800FCCFDA /* OrderDetail.swift */; };
		7C54F0C323491FEA00FCCFDA /* OrderItems.swift in Sources */ = {isa = PBXBuildFile; fileRef = 7C54F0C223491FEA00FCCFDA /* OrderItems.swift */; };
		7C5A21822380D1B9004EC485 /* GuestCart.swift in Sources */ = {isa = PBXBuildFile; fileRef = 7C5A21812380D1B9004EC485 /* GuestCart.swift */; };
		7C5DF159234619AC0089B697 /* OffersViewController.swift in Sources */ = {isa = PBXBuildFile; fileRef = 7C5DF158234619AC0089B697 /* OffersViewController.swift */; };
		7C5DF15D23465C020089B697 /* ProductListViewController.swift in Sources */ = {isa = PBXBuildFile; fileRef = 7C5DF15C23465C020089B697 /* ProductListViewController.swift */; };
		7C5DF160234663750089B697 /* Product.swift in Sources */ = {isa = PBXBuildFile; fileRef = 7C5DF15F234663750089B697 /* Product.swift */; };
		7C63EEE322C4CC2300A244FD /* WishlistViewController.swift in Sources */ = {isa = PBXBuildFile; fileRef = 7C63EEE222C4CC2300A244FD /* WishlistViewController.swift */; };
		7C63EEE622C4CF0F00A244FD /* WishlistTableViewCell.swift in Sources */ = {isa = PBXBuildFile; fileRef = 7C63EEE522C4CF0F00A244FD /* WishlistTableViewCell.swift */; };
		7C6716222359D21900952B8E /* User.swift in Sources */ = {isa = PBXBuildFile; fileRef = 7C6716212359D21900952B8E /* User.swift */; };
		7C6801FC236492E4003072F0 /* QuantityCollectionViewCell.swift in Sources */ = {isa = PBXBuildFile; fileRef = 7C6801FB236492E4003072F0 /* QuantityCollectionViewCell.swift */; };
		7C6A3EE822AD474900B6AA8F /* AppDelegate.swift in Sources */ = {isa = PBXBuildFile; fileRef = 7C6A3EE722AD474900B6AA8F /* AppDelegate.swift */; };
		7C6A3EED22AD474900B6AA8F /* Main.storyboard in Resources */ = {isa = PBXBuildFile; fileRef = 7C6A3EEB22AD474900B6AA8F /* Main.storyboard */; };
		7C6A3EF022AD474900B6AA8F /* PetShop.xcdatamodeld in Sources */ = {isa = PBXBuildFile; fileRef = 7C6A3EEE22AD474900B6AA8F /* PetShop.xcdatamodeld */; };
		7C6A3EF222AD474C00B6AA8F /* Assets.xcassets in Resources */ = {isa = PBXBuildFile; fileRef = 7C6A3EF122AD474C00B6AA8F /* Assets.xcassets */; };
		7C6A3EF522AD474C00B6AA8F /* LaunchScreen.storyboard in Resources */ = {isa = PBXBuildFile; fileRef = 7C6A3EF322AD474C00B6AA8F /* LaunchScreen.storyboard */; };
		7C6A3F0022AD474C00B6AA8F /* PetShopTests.swift in Sources */ = {isa = PBXBuildFile; fileRef = 7C6A3EFF22AD474C00B6AA8F /* PetShopTests.swift */; };
		7C6A3F0B22AD474C00B6AA8F /* PetShopUITests.swift in Sources */ = {isa = PBXBuildFile; fileRef = 7C6A3F0A22AD474C00B6AA8F /* PetShopUITests.swift */; };
		7C6A3F1A22AD4B1500B6AA8F /* LoginViewController.swift in Sources */ = {isa = PBXBuildFile; fileRef = 7C6A3F1922AD4B1500B6AA8F /* LoginViewController.swift */; };
		7C6B37672357C52E00EA65ED /* Attributes.swift in Sources */ = {isa = PBXBuildFile; fileRef = 7C6B37662357C52E00EA65ED /* Attributes.swift */; };
		7C716E0B22BC5FF700F1737E /* SortViewController.swift in Sources */ = {isa = PBXBuildFile; fileRef = 7C716E0A22BC5FF700F1737E /* SortViewController.swift */; };
		7C72516F234A88DA008499AF /* Cart.swift in Sources */ = {isa = PBXBuildFile; fileRef = 7C72516E234A88DA008499AF /* Cart.swift */; };
		7C72CCD42394013F003F60B1 /* ShippingAddTableViewCell.swift in Sources */ = {isa = PBXBuildFile; fileRef = 7C72CCD32394013F003F60B1 /* ShippingAddTableViewCell.swift */; };
		7C770B1A23472A5500EBBC79 /* SearchProductViewController.swift in Sources */ = {isa = PBXBuildFile; fileRef = 7C770B1923472A5500EBBC79 /* SearchProductViewController.swift */; };
		7C770B1D234738B400EBBC79 /* Brand.swift in Sources */ = {isa = PBXBuildFile; fileRef = 7C770B1C234738B400EBBC79 /* Brand.swift */; };
		7C79D0502352A8DB00B1A8A3 /* FilterViewController.swift in Sources */ = {isa = PBXBuildFile; fileRef = 7C79D04F2352A8DB00B1A8A3 /* FilterViewController.swift */; };
		7C79D0532352B72B00B1A8A3 /* FilterTableViewCell.swift in Sources */ = {isa = PBXBuildFile; fileRef = 7C79D0522352B72B00B1A8A3 /* FilterTableViewCell.swift */; };
		7C7C1CCC23CA5B7B00050A08 /* CustomNavVC.swift in Sources */ = {isa = PBXBuildFile; fileRef = 7C7C1CCB23CA5B7B00050A08 /* CustomNavVC.swift */; };
		7C7CCED12354A9C30065889C /* Filter.swift in Sources */ = {isa = PBXBuildFile; fileRef = 7C7CCED02354A9C30065889C /* Filter.swift */; };
		7C7E554222BA803700387DCD /* AddAddressViewController.swift in Sources */ = {isa = PBXBuildFile; fileRef = 7C7E554122BA803700387DCD /* AddAddressViewController.swift */; };
		7C7E554522BA808C00387DCD /* ForgotPasswordViewController.swift in Sources */ = {isa = PBXBuildFile; fileRef = 7C7E554422BA808C00387DCD /* ForgotPasswordViewController.swift */; };
		7C7E554822BA810F00387DCD /* MyAccountViewController.swift in Sources */ = {isa = PBXBuildFile; fileRef = 7C7E554722BA810F00387DCD /* MyAccountViewController.swift */; };
		7C7E554B22BA815400387DCD /* ShippingAddressViewController.swift in Sources */ = {isa = PBXBuildFile; fileRef = 7C7E554A22BA815400387DCD /* ShippingAddressViewController.swift */; };
		7C7E554E22BA827400387DCD /* NewArrivalsViewController.swift in Sources */ = {isa = PBXBuildFile; fileRef = 7C7E554D22BA827400387DCD /* NewArrivalsViewController.swift */; };
		7C7E555122BA8F9800387DCD /* ArrivalsTableViewCell.swift in Sources */ = {isa = PBXBuildFile; fileRef = 7C7E555022BA8F9800387DCD /* ArrivalsTableViewCell.swift */; };
		7C7EF0A42344F41500A61F79 /* Slider.swift in Sources */ = {isa = PBXBuildFile; fileRef = 7C7EF0A32344F41400A61F79 /* Slider.swift */; };
		7C7EF0A723452C9100A61F79 /* PetCategories.swift in Sources */ = {isa = PBXBuildFile; fileRef = 7C7EF0A623452C9100A61F79 /* PetCategories.swift */; };
		7C84ADB2234582710063078F /* LatestProduct.swift in Sources */ = {isa = PBXBuildFile; fileRef = 7C84ADB1234582710063078F /* LatestProduct.swift */; };
		7C867DC922BBD0BE00CD42A4 /* OrderDetailPTableViewCell.swift in Sources */ = {isa = PBXBuildFile; fileRef = 7C867DC822BBD0BE00CD42A4 /* OrderDetailPTableViewCell.swift */; };
		7C867DCC22BBDAEE00CD42A4 /* BrandViewController.swift in Sources */ = {isa = PBXBuildFile; fileRef = 7C867DCB22BBDAEE00CD42A4 /* BrandViewController.swift */; };
		7C867DCF22BBDB7700CD42A4 /* BrandTableViewCell.swift in Sources */ = {isa = PBXBuildFile; fileRef = 7C867DCE22BBDB7700CD42A4 /* BrandTableViewCell.swift */; };
		7C8ACDB022B96FB700D0BA2B /* ShopCategoryOneViewController.swift in Sources */ = {isa = PBXBuildFile; fileRef = 7C8ACDAF22B96FB700D0BA2B /* ShopCategoryOneViewController.swift */; };
		7C8ACDB322B9711900D0BA2B /* ShopCategoryCollectionViewCell.swift in Sources */ = {isa = PBXBuildFile; fileRef = 7C8ACDB222B9711900D0BA2B /* ShopCategoryCollectionViewCell.swift */; };
		7C8BC59222BB0E7E00ADAC91 /* EditProfileViewController.swift in Sources */ = {isa = PBXBuildFile; fileRef = 7C8BC59122BB0E7E00ADAC91 /* EditProfileViewController.swift */; };
		7C8BC59522BB113600ADAC91 /* OrderDetailViewController.swift in Sources */ = {isa = PBXBuildFile; fileRef = 7C8BC59422BB113600ADAC91 /* OrderDetailViewController.swift */; };
		7C963D4623C2248800A2884C /* YNExpandableCells.swift in Sources */ = {isa = PBXBuildFile; fileRef = 7C963D4223C2248500A2884C /* YNExpandableCells.swift */; };
		7C963D4723C2248800A2884C /* YNExpandableCellEx.xib in Resources */ = {isa = PBXBuildFile; fileRef = 7C963D4323C2248500A2884C /* YNExpandableCellEx.xib */; };
		7C963D4823C2248800A2884C /* YNSegmentCell.xib in Resources */ = {isa = PBXBuildFile; fileRef = 7C963D4423C2248700A2884C /* YNSegmentCell.xib */; };
		7C963D4923C2248800A2884C /* YNSliderCell.xib in Resources */ = {isa = PBXBuildFile; fileRef = 7C963D4523C2248800A2884C /* YNSliderCell.xib */; };
		7C9D466922C41A7800B5E8A3 /* OrdersViewController.swift in Sources */ = {isa = PBXBuildFile; fileRef = 7C9D466822C41A7800B5E8A3 /* OrdersViewController.swift */; };
		7C9D466C22C41AC400B5E8A3 /* OrdersTableViewCell.swift in Sources */ = {isa = PBXBuildFile; fileRef = 7C9D466B22C41AC400B5E8A3 /* OrdersTableViewCell.swift */; };
		7C9E0DB322B47D4600B25DE5 /* HomeViewController.swift in Sources */ = {isa = PBXBuildFile; fileRef = 7C9E0DB222B47D4600B25DE5 /* HomeViewController.swift */; };
		7CA30F522389C25700B37579 /* AddressTableViewCell.swift in Sources */ = {isa = PBXBuildFile; fileRef = 7CA30F512389C25700B37579 /* AddressTableViewCell.swift */; };
		7CA44F7123C508D70087093A /* ViewController.swift in Sources */ = {isa = PBXBuildFile; fileRef = 7CA44F7023C508D70087093A /* ViewController.swift */; };
		7CA44F7323C509DA0087093A /* UIColor+AppColors.swift in Sources */ = {isa = PBXBuildFile; fileRef = 7CA44F7223C509DA0087093A /* UIColor+AppColors.swift */; };
		7CBD7DF32333B80D00ABF2CA /* MainTabBarController.swift in Sources */ = {isa = PBXBuildFile; fileRef = 7CBD7DF22333B80D00ABF2CA /* MainTabBarController.swift */; };
		7CC8EF80232992260039A19A /* Reachability.swift in Sources */ = {isa = PBXBuildFile; fileRef = 7CC8EF7F232992260039A19A /* Reachability.swift */; };
		7CC8EF83232993D70039A19A /* RestAPIConstant.swift in Sources */ = {isa = PBXBuildFile; fileRef = 7CC8EF82232993D70039A19A /* RestAPIConstant.swift */; };
		7CC8EF85232996D90039A19A /* AppConstant.swift in Sources */ = {isa = PBXBuildFile; fileRef = 7CC8EF84232996D90039A19A /* AppConstant.swift */; };
		7CC8EF8B2329A4C90039A19A /* AlamofireCalls.swift in Sources */ = {isa = PBXBuildFile; fileRef = 7CC8EF8A2329A4C90039A19A /* AlamofireCalls.swift */; };
		7CDD68D922B987CB00B04FAB /* ShopCategoryTwoViewController.swift in Sources */ = {isa = PBXBuildFile; fileRef = 7CDD68D822B987CB00B04FAB /* ShopCategoryTwoViewController.swift */; };
		7CDD68DC22B987F200B04FAB /* ShopCategoryThreeViewController.swift in Sources */ = {isa = PBXBuildFile; fileRef = 7CDD68DB22B987F200B04FAB /* ShopCategoryThreeViewController.swift */; };
		7CDD68DF22B9882000B04FAB /* ShopCategoryFourViewController.swift in Sources */ = {isa = PBXBuildFile; fileRef = 7CDD68DE22B9882000B04FAB /* ShopCategoryFourViewController.swift */; };
		7CDD68E222B99AEB00B04FAB /* ProductViewController.swift in Sources */ = {isa = PBXBuildFile; fileRef = 7CDD68E122B99AEB00B04FAB /* ProductViewController.swift */; };
		7CDD68E522B99E5300B04FAB /* CartViewController.swift in Sources */ = {isa = PBXBuildFile; fileRef = 7CDD68E422B99E5300B04FAB /* CartViewController.swift */; };
		7CDD68E822B99F8500B04FAB /* CartTableViewCell.swift in Sources */ = {isa = PBXBuildFile; fileRef = 7CDD68E722B99F8500B04FAB /* CartTableViewCell.swift */; };
		7CDD68EB22B9C4FA00B04FAB /* ReviewOrderViewController.swift in Sources */ = {isa = PBXBuildFile; fileRef = 7CDD68EA22B9C4FA00B04FAB /* ReviewOrderViewController.swift */; };
		7CDD68EE22B9C53E00B04FAB /* ReviewOrderTableViewCell.swift in Sources */ = {isa = PBXBuildFile; fileRef = 7CDD68ED22B9C53E00B04FAB /* ReviewOrderTableViewCell.swift */; };
/* End PBXBuildFile section */

/* Begin PBXContainerItemProxy section */
		7C6A3EFC22AD474C00B6AA8F /* PBXContainerItemProxy */ = {
			isa = PBXContainerItemProxy;
			containerPortal = 7C6A3EDC22AD474900B6AA8F /* Project object */;
			proxyType = 1;
			remoteGlobalIDString = 7C6A3EE322AD474900B6AA8F;
			remoteInfo = PetShop;
		};
		7C6A3F0722AD474C00B6AA8F /* PBXContainerItemProxy */ = {
			isa = PBXContainerItemProxy;
			containerPortal = 7C6A3EDC22AD474900B6AA8F /* Project object */;
			proxyType = 1;
			remoteGlobalIDString = 7C6A3EE322AD474900B6AA8F;
			remoteInfo = PetShop;
		};
/* End PBXContainerItemProxy section */

/* Begin PBXFileReference section */
		7C083A5423635753009375C9 /* CodeViewController.swift */ = {isa = PBXFileReference; fileEncoding = 4; lastKnownFileType = sourcecode.swift; path = CodeViewController.swift; sourceTree = "<group>"; };
		7C42F11C23651D0B006801D9 /* AttributeViewController.swift */ = {isa = PBXFileReference; lastKnownFileType = sourcecode.swift; path = AttributeViewController.swift; sourceTree = "<group>"; };
		7C42F11F23652B28006801D9 /* AttributeTableViewCell.swift */ = {isa = PBXFileReference; lastKnownFileType = sourcecode.swift; path = AttributeTableViewCell.swift; sourceTree = "<group>"; };
		7C488C3322C576A200FCF6DF /* LatestProductCollectionViewCell.swift */ = {isa = PBXFileReference; lastKnownFileType = sourcecode.swift; path = LatestProductCollectionViewCell.swift; sourceTree = "<group>"; };
		7C49E5822370717800E372B9 /* ProductAttributes.swift */ = {isa = PBXFileReference; lastKnownFileType = sourcecode.swift; path = ProductAttributes.swift; sourceTree = "<group>"; };
		7C50C1FF234D3EE2006168AE /* TPKeyboardAvoidingScrollView.h */ = {isa = PBXFileReference; fileEncoding = 4; lastKnownFileType = sourcecode.c.h; path = TPKeyboardAvoidingScrollView.h; sourceTree = "<group>"; };
		7C50C200234D3EE2006168AE /* TPKeyboardAvoidingCollectionView.h */ = {isa = PBXFileReference; fileEncoding = 4; lastKnownFileType = sourcecode.c.h; path = TPKeyboardAvoidingCollectionView.h; sourceTree = "<group>"; };
		7C50C201234D3EE2006168AE /* UIScrollView+TPKeyboardAvoidingAdditions.m */ = {isa = PBXFileReference; fileEncoding = 4; lastKnownFileType = sourcecode.c.objc; path = "UIScrollView+TPKeyboardAvoidingAdditions.m"; sourceTree = "<group>"; };
		7C50C202234D3EE2006168AE /* TPKeyboardAvoidingTableView.m */ = {isa = PBXFileReference; fileEncoding = 4; lastKnownFileType = sourcecode.c.objc; path = TPKeyboardAvoidingTableView.m; sourceTree = "<group>"; };
		7C50C203234D3EE2006168AE /* TPKeyboardAvoidingScrollView.m */ = {isa = PBXFileReference; fileEncoding = 4; lastKnownFileType = sourcecode.c.objc; path = TPKeyboardAvoidingScrollView.m; sourceTree = "<group>"; };
		7C50C204234D3EE2006168AE /* UIScrollView+TPKeyboardAvoidingAdditions.h */ = {isa = PBXFileReference; fileEncoding = 4; lastKnownFileType = sourcecode.c.h; path = "UIScrollView+TPKeyboardAvoidingAdditions.h"; sourceTree = "<group>"; };
		7C50C205234D3EE2006168AE /* TPKeyboardAvoidingCollectionView.m */ = {isa = PBXFileReference; fileEncoding = 4; lastKnownFileType = sourcecode.c.objc; path = TPKeyboardAvoidingCollectionView.m; sourceTree = "<group>"; };
		7C50C206234D3EE2006168AE /* TPKeyboardAvoidingTableView.h */ = {isa = PBXFileReference; fileEncoding = 4; lastKnownFileType = sourcecode.c.h; path = TPKeyboardAvoidingTableView.h; sourceTree = "<group>"; };
		7C5423C1234E0A5900D38342 /* ShippingDetailViewController.swift */ = {isa = PBXFileReference; lastKnownFileType = sourcecode.swift; path = ShippingDetailViewController.swift; sourceTree = "<group>"; };
		7C54F0BF23491F2800FCCFDA /* OrderDetail.swift */ = {isa = PBXFileReference; lastKnownFileType = sourcecode.swift; path = OrderDetail.swift; sourceTree = "<group>"; };
		7C54F0C223491FEA00FCCFDA /* OrderItems.swift */ = {isa = PBXFileReference; lastKnownFileType = sourcecode.swift; path = OrderItems.swift; sourceTree = "<group>"; };
		7C5A21812380D1B9004EC485 /* GuestCart.swift */ = {isa = PBXFileReference; lastKnownFileType = sourcecode.swift; path = GuestCart.swift; sourceTree = "<group>"; };
		7C5DF158234619AC0089B697 /* OffersViewController.swift */ = {isa = PBXFileReference; lastKnownFileType = sourcecode.swift; path = OffersViewController.swift; sourceTree = "<group>"; };
		7C5DF15C23465C020089B697 /* ProductListViewController.swift */ = {isa = PBXFileReference; lastKnownFileType = sourcecode.swift; path = ProductListViewController.swift; sourceTree = "<group>"; };
		7C5DF15F234663750089B697 /* Product.swift */ = {isa = PBXFileReference; lastKnownFileType = sourcecode.swift; path = Product.swift; sourceTree = "<group>"; };
		7C63EEE222C4CC2300A244FD /* WishlistViewController.swift */ = {isa = PBXFileReference; lastKnownFileType = sourcecode.swift; path = WishlistViewController.swift; sourceTree = "<group>"; };
		7C63EEE522C4CF0F00A244FD /* WishlistTableViewCell.swift */ = {isa = PBXFileReference; lastKnownFileType = sourcecode.swift; path = WishlistTableViewCell.swift; sourceTree = "<group>"; };
		7C6716212359D21900952B8E /* User.swift */ = {isa = PBXFileReference; lastKnownFileType = sourcecode.swift; path = User.swift; sourceTree = "<group>"; };
		7C6801FB236492E4003072F0 /* QuantityCollectionViewCell.swift */ = {isa = PBXFileReference; lastKnownFileType = sourcecode.swift; path = QuantityCollectionViewCell.swift; sourceTree = "<group>"; };
		7C6A3EE422AD474900B6AA8F /* PetShop.app */ = {isa = PBXFileReference; explicitFileType = wrapper.application; includeInIndex = 0; path = PetShop.app; sourceTree = BUILT_PRODUCTS_DIR; };
		7C6A3EE722AD474900B6AA8F /* AppDelegate.swift */ = {isa = PBXFileReference; lastKnownFileType = sourcecode.swift; path = AppDelegate.swift; sourceTree = "<group>"; };
		7C6A3EEC22AD474900B6AA8F /* Base */ = {isa = PBXFileReference; lastKnownFileType = file.storyboard; name = Base; path = Base.lproj/Main.storyboard; sourceTree = "<group>"; };
		7C6A3EEF22AD474900B6AA8F /* PetShop.xcdatamodel */ = {isa = PBXFileReference; lastKnownFileType = wrapper.xcdatamodel; path = PetShop.xcdatamodel; sourceTree = "<group>"; };
		7C6A3EF122AD474C00B6AA8F /* Assets.xcassets */ = {isa = PBXFileReference; lastKnownFileType = folder.assetcatalog; path = Assets.xcassets; sourceTree = "<group>"; };
		7C6A3EF422AD474C00B6AA8F /* Base */ = {isa = PBXFileReference; lastKnownFileType = file.storyboard; name = Base; path = Base.lproj/LaunchScreen.storyboard; sourceTree = "<group>"; };
		7C6A3EF622AD474C00B6AA8F /* Info.plist */ = {isa = PBXFileReference; lastKnownFileType = text.plist.xml; path = Info.plist; sourceTree = "<group>"; };
		7C6A3EFB22AD474C00B6AA8F /* PetShopTests.xctest */ = {isa = PBXFileReference; explicitFileType = wrapper.cfbundle; includeInIndex = 0; path = PetShopTests.xctest; sourceTree = BUILT_PRODUCTS_DIR; };
		7C6A3EFF22AD474C00B6AA8F /* PetShopTests.swift */ = {isa = PBXFileReference; lastKnownFileType = sourcecode.swift; path = PetShopTests.swift; sourceTree = "<group>"; };
		7C6A3F0122AD474C00B6AA8F /* Info.plist */ = {isa = PBXFileReference; lastKnownFileType = text.plist.xml; path = Info.plist; sourceTree = "<group>"; };
		7C6A3F0622AD474C00B6AA8F /* PetShopUITests.xctest */ = {isa = PBXFileReference; explicitFileType = wrapper.cfbundle; includeInIndex = 0; path = PetShopUITests.xctest; sourceTree = BUILT_PRODUCTS_DIR; };
		7C6A3F0A22AD474C00B6AA8F /* PetShopUITests.swift */ = {isa = PBXFileReference; lastKnownFileType = sourcecode.swift; path = PetShopUITests.swift; sourceTree = "<group>"; };
		7C6A3F0C22AD474C00B6AA8F /* Info.plist */ = {isa = PBXFileReference; lastKnownFileType = text.plist.xml; path = Info.plist; sourceTree = "<group>"; };
		7C6A3F1922AD4B1500B6AA8F /* LoginViewController.swift */ = {isa = PBXFileReference; lastKnownFileType = sourcecode.swift; path = LoginViewController.swift; sourceTree = "<group>"; };
		7C6B37662357C52E00EA65ED /* Attributes.swift */ = {isa = PBXFileReference; lastKnownFileType = sourcecode.swift; path = Attributes.swift; sourceTree = "<group>"; };
		7C716E0A22BC5FF700F1737E /* SortViewController.swift */ = {isa = PBXFileReference; lastKnownFileType = sourcecode.swift; path = SortViewController.swift; sourceTree = "<group>"; };
		7C72516E234A88DA008499AF /* Cart.swift */ = {isa = PBXFileReference; lastKnownFileType = sourcecode.swift; path = Cart.swift; sourceTree = "<group>"; };
		7C72CCD32394013F003F60B1 /* ShippingAddTableViewCell.swift */ = {isa = PBXFileReference; lastKnownFileType = sourcecode.swift; path = ShippingAddTableViewCell.swift; sourceTree = "<group>"; };
		7C770B1923472A5500EBBC79 /* SearchProductViewController.swift */ = {isa = PBXFileReference; lastKnownFileType = sourcecode.swift; path = SearchProductViewController.swift; sourceTree = "<group>"; };
		7C770B1C234738B400EBBC79 /* Brand.swift */ = {isa = PBXFileReference; lastKnownFileType = sourcecode.swift; path = Brand.swift; sourceTree = "<group>"; };
		7C79D04F2352A8DB00B1A8A3 /* FilterViewController.swift */ = {isa = PBXFileReference; lastKnownFileType = sourcecode.swift; path = FilterViewController.swift; sourceTree = "<group>"; };
		7C79D0522352B72B00B1A8A3 /* FilterTableViewCell.swift */ = {isa = PBXFileReference; lastKnownFileType = sourcecode.swift; path = FilterTableViewCell.swift; sourceTree = "<group>"; };
		7C7C1CCB23CA5B7B00050A08 /* CustomNavVC.swift */ = {isa = PBXFileReference; fileEncoding = 4; lastKnownFileType = sourcecode.swift; path = CustomNavVC.swift; sourceTree = "<group>"; };
		7C7CCED02354A9C30065889C /* Filter.swift */ = {isa = PBXFileReference; lastKnownFileType = sourcecode.swift; path = Filter.swift; sourceTree = "<group>"; };
		7C7E554122BA803700387DCD /* AddAddressViewController.swift */ = {isa = PBXFileReference; lastKnownFileType = sourcecode.swift; path = AddAddressViewController.swift; sourceTree = "<group>"; };
		7C7E554422BA808C00387DCD /* ForgotPasswordViewController.swift */ = {isa = PBXFileReference; lastKnownFileType = sourcecode.swift; path = ForgotPasswordViewController.swift; sourceTree = "<group>"; };
		7C7E554722BA810F00387DCD /* MyAccountViewController.swift */ = {isa = PBXFileReference; lastKnownFileType = sourcecode.swift; path = MyAccountViewController.swift; sourceTree = "<group>"; };
		7C7E554A22BA815400387DCD /* ShippingAddressViewController.swift */ = {isa = PBXFileReference; lastKnownFileType = sourcecode.swift; path = ShippingAddressViewController.swift; sourceTree = "<group>"; };
		7C7E554D22BA827400387DCD /* NewArrivalsViewController.swift */ = {isa = PBXFileReference; lastKnownFileType = sourcecode.swift; path = NewArrivalsViewController.swift; sourceTree = "<group>"; };
		7C7E555022BA8F9800387DCD /* ArrivalsTableViewCell.swift */ = {isa = PBXFileReference; lastKnownFileType = sourcecode.swift; path = ArrivalsTableViewCell.swift; sourceTree = "<group>"; };
		7C7EF0A32344F41400A61F79 /* Slider.swift */ = {isa = PBXFileReference; lastKnownFileType = sourcecode.swift; path = Slider.swift; sourceTree = "<group>"; };
		7C7EF0A623452C9100A61F79 /* PetCategories.swift */ = {isa = PBXFileReference; lastKnownFileType = sourcecode.swift; path = PetCategories.swift; sourceTree = "<group>"; };
		7C84ADB1234582710063078F /* LatestProduct.swift */ = {isa = PBXFileReference; lastKnownFileType = sourcecode.swift; path = LatestProduct.swift; sourceTree = "<group>"; };
		7C867DC822BBD0BE00CD42A4 /* OrderDetailPTableViewCell.swift */ = {isa = PBXFileReference; lastKnownFileType = sourcecode.swift; path = OrderDetailPTableViewCell.swift; sourceTree = "<group>"; };
		7C867DCB22BBDAEE00CD42A4 /* BrandViewController.swift */ = {isa = PBXFileReference; lastKnownFileType = sourcecode.swift; path = BrandViewController.swift; sourceTree = "<group>"; };
		7C867DCE22BBDB7700CD42A4 /* BrandTableViewCell.swift */ = {isa = PBXFileReference; lastKnownFileType = sourcecode.swift; path = BrandTableViewCell.swift; sourceTree = "<group>"; };
		7C8ACDAF22B96FB700D0BA2B /* ShopCategoryOneViewController.swift */ = {isa = PBXFileReference; lastKnownFileType = sourcecode.swift; path = ShopCategoryOneViewController.swift; sourceTree = "<group>"; };
		7C8ACDB222B9711900D0BA2B /* ShopCategoryCollectionViewCell.swift */ = {isa = PBXFileReference; lastKnownFileType = sourcecode.swift; path = ShopCategoryCollectionViewCell.swift; sourceTree = "<group>"; };
		7C8BC59122BB0E7E00ADAC91 /* EditProfileViewController.swift */ = {isa = PBXFileReference; lastKnownFileType = sourcecode.swift; path = EditProfileViewController.swift; sourceTree = "<group>"; };
		7C8BC59422BB113600ADAC91 /* OrderDetailViewController.swift */ = {isa = PBXFileReference; lastKnownFileType = sourcecode.swift; path = OrderDetailViewController.swift; sourceTree = "<group>"; };
		7C963D4223C2248500A2884C /* YNExpandableCells.swift */ = {isa = PBXFileReference; fileEncoding = 4; lastKnownFileType = sourcecode.swift; path = YNExpandableCells.swift; sourceTree = "<group>"; };
		7C963D4323C2248500A2884C /* YNExpandableCellEx.xib */ = {isa = PBXFileReference; fileEncoding = 4; lastKnownFileType = file.xib; path = YNExpandableCellEx.xib; sourceTree = "<group>"; };
		7C963D4423C2248700A2884C /* YNSegmentCell.xib */ = {isa = PBXFileReference; fileEncoding = 4; lastKnownFileType = file.xib; path = YNSegmentCell.xib; sourceTree = "<group>"; };
		7C963D4523C2248800A2884C /* YNSliderCell.xib */ = {isa = PBXFileReference; fileEncoding = 4; lastKnownFileType = file.xib; path = YNSliderCell.xib; sourceTree = "<group>"; };
		7C9D466822C41A7800B5E8A3 /* OrdersViewController.swift */ = {isa = PBXFileReference; lastKnownFileType = sourcecode.swift; path = OrdersViewController.swift; sourceTree = "<group>"; };
		7C9D466B22C41AC400B5E8A3 /* OrdersTableViewCell.swift */ = {isa = PBXFileReference; lastKnownFileType = sourcecode.swift; path = OrdersTableViewCell.swift; sourceTree = "<group>"; };
		7C9E0DB222B47D4600B25DE5 /* HomeViewController.swift */ = {isa = PBXFileReference; lastKnownFileType = sourcecode.swift; path = HomeViewController.swift; sourceTree = "<group>"; };
		7CA30F512389C25700B37579 /* AddressTableViewCell.swift */ = {isa = PBXFileReference; lastKnownFileType = sourcecode.swift; path = AddressTableViewCell.swift; sourceTree = "<group>"; };
		7CA44F7023C508D70087093A /* ViewController.swift */ = {isa = PBXFileReference; fileEncoding = 4; lastKnownFileType = sourcecode.swift; path = ViewController.swift; sourceTree = "<group>"; };
		7CA44F7223C509DA0087093A /* UIColor+AppColors.swift */ = {isa = PBXFileReference; fileEncoding = 4; lastKnownFileType = sourcecode.swift; path = "UIColor+AppColors.swift"; sourceTree = "<group>"; };
		7CBD7DF22333B80D00ABF2CA /* MainTabBarController.swift */ = {isa = PBXFileReference; lastKnownFileType = sourcecode.swift; path = MainTabBarController.swift; sourceTree = "<group>"; };
		7CC8EF7F232992260039A19A /* Reachability.swift */ = {isa = PBXFileReference; lastKnownFileType = sourcecode.swift; path = Reachability.swift; sourceTree = "<group>"; };
		7CC8EF82232993D70039A19A /* RestAPIConstant.swift */ = {isa = PBXFileReference; lastKnownFileType = sourcecode.swift; path = RestAPIConstant.swift; sourceTree = "<group>"; };
		7CC8EF84232996D90039A19A /* AppConstant.swift */ = {isa = PBXFileReference; lastKnownFileType = sourcecode.swift; path = AppConstant.swift; sourceTree = "<group>"; };
		7CC8EF8A2329A4C90039A19A /* AlamofireCalls.swift */ = {isa = PBXFileReference; lastKnownFileType = sourcecode.swift; path = AlamofireCalls.swift; sourceTree = "<group>"; };
		7CDD68D822B987CB00B04FAB /* ShopCategoryTwoViewController.swift */ = {isa = PBXFileReference; lastKnownFileType = sourcecode.swift; path = ShopCategoryTwoViewController.swift; sourceTree = "<group>"; };
		7CDD68DB22B987F200B04FAB /* ShopCategoryThreeViewController.swift */ = {isa = PBXFileReference; lastKnownFileType = sourcecode.swift; path = ShopCategoryThreeViewController.swift; sourceTree = "<group>"; };
		7CDD68DE22B9882000B04FAB /* ShopCategoryFourViewController.swift */ = {isa = PBXFileReference; lastKnownFileType = sourcecode.swift; path = ShopCategoryFourViewController.swift; sourceTree = "<group>"; };
		7CDD68E122B99AEB00B04FAB /* ProductViewController.swift */ = {isa = PBXFileReference; lastKnownFileType = sourcecode.swift; path = ProductViewController.swift; sourceTree = "<group>"; };
		7CDD68E422B99E5300B04FAB /* CartViewController.swift */ = {isa = PBXFileReference; lastKnownFileType = sourcecode.swift; path = CartViewController.swift; sourceTree = "<group>"; };
		7CDD68E722B99F8500B04FAB /* CartTableViewCell.swift */ = {isa = PBXFileReference; lastKnownFileType = sourcecode.swift; path = CartTableViewCell.swift; sourceTree = "<group>"; };
		7CDD68EA22B9C4FA00B04FAB /* ReviewOrderViewController.swift */ = {isa = PBXFileReference; lastKnownFileType = sourcecode.swift; path = ReviewOrderViewController.swift; sourceTree = "<group>"; };
		7CDD68ED22B9C53E00B04FAB /* ReviewOrderTableViewCell.swift */ = {isa = PBXFileReference; lastKnownFileType = sourcecode.swift; path = ReviewOrderTableViewCell.swift; sourceTree = "<group>"; };
		A43DBFE9E36583F6A568740B /* Pods-PetShop.debug.xcconfig */ = {isa = PBXFileReference; includeInIndex = 1; lastKnownFileType = text.xcconfig; name = "Pods-PetShop.debug.xcconfig"; path = "Pods/Target Support Files/Pods-PetShop/Pods-PetShop.debug.xcconfig"; sourceTree = "<group>"; };
		D7C720F8E93C9C3D9B9B435A /* Pods-PetShop.release.xcconfig */ = {isa = PBXFileReference; includeInIndex = 1; lastKnownFileType = text.xcconfig; name = "Pods-PetShop.release.xcconfig"; path = "Pods/Target Support Files/Pods-PetShop/Pods-PetShop.release.xcconfig"; sourceTree = "<group>"; };
		FD21E02E4C8CA168790E13ED /* Pods_PetShop.framework */ = {isa = PBXFileReference; explicitFileType = wrapper.framework; includeInIndex = 0; path = Pods_PetShop.framework; sourceTree = BUILT_PRODUCTS_DIR; };
/* End PBXFileReference section */

/* Begin PBXFrameworksBuildPhase section */
		7C6A3EE122AD474900B6AA8F /* Frameworks */ = {
			isa = PBXFrameworksBuildPhase;
			buildActionMask = 2147483647;
			files = (
				44BDB7B85C8540B6D67A1B23 /* Pods_PetShop.framework in Frameworks */,
			);
			runOnlyForDeploymentPostprocessing = 0;
		};
		7C6A3EF822AD474C00B6AA8F /* Frameworks */ = {
			isa = PBXFrameworksBuildPhase;
			buildActionMask = 2147483647;
			files = (
			);
			runOnlyForDeploymentPostprocessing = 0;
		};
		7C6A3F0322AD474C00B6AA8F /* Frameworks */ = {
			isa = PBXFrameworksBuildPhase;
			buildActionMask = 2147483647;
			files = (
			);
			runOnlyForDeploymentPostprocessing = 0;
		};
/* End PBXFrameworksBuildPhase section */

/* Begin PBXGroup section */
		7C42F11E23652AF9006801D9 /* Attribute Cell */ = {
			isa = PBXGroup;
			children = (
				7C42F11F23652B28006801D9 /* AttributeTableViewCell.swift */,
			);
			path = "Attribute Cell";
			sourceTree = "<group>";
		};
		7C488C3222C5764000FCF6DF /* LatestProduct */ = {
			isa = PBXGroup;
			children = (
				7C083A5423635753009375C9 /* CodeViewController.swift */,
				7C488C3322C576A200FCF6DF /* LatestProductCollectionViewCell.swift */,
			);
			path = LatestProduct;
			sourceTree = "<group>";
		};
		7C4FF7CF22AD6BDE00018559 /* Home */ = {
			isa = PBXGroup;
			children = (
				7C488C3222C5764000FCF6DF /* LatestProduct */,
				7C9E0DB222B47D4600B25DE5 /* HomeViewController.swift */,
			);
			path = Home;
			sourceTree = "<group>";
		};
		7C50C1FE234D3EE2006168AE /* TPKeyboardAvoiding */ = {
			isa = PBXGroup;
			children = (
				7C50C1FF234D3EE2006168AE /* TPKeyboardAvoidingScrollView.h */,
				7C50C200234D3EE2006168AE /* TPKeyboardAvoidingCollectionView.h */,
				7C50C201234D3EE2006168AE /* UIScrollView+TPKeyboardAvoidingAdditions.m */,
				7C50C202234D3EE2006168AE /* TPKeyboardAvoidingTableView.m */,
				7C50C203234D3EE2006168AE /* TPKeyboardAvoidingScrollView.m */,
				7C50C204234D3EE2006168AE /* UIScrollView+TPKeyboardAvoidingAdditions.h */,
				7C50C205234D3EE2006168AE /* TPKeyboardAvoidingCollectionView.m */,
				7C50C206234D3EE2006168AE /* TPKeyboardAvoidingTableView.h */,
			);
			path = TPKeyboardAvoiding;
			sourceTree = "<group>";
		};
		7C5423C0234E0A0D00D38342 /* Shipping Detail */ = {
			isa = PBXGroup;
			children = (
				7C5423C1234E0A5900D38342 /* ShippingDetailViewController.swift */,
			);
			path = "Shipping Detail";
			sourceTree = "<group>";
		};
		7C54F0BE23491EA600FCCFDA /* OrderDetail */ = {
			isa = PBXGroup;
			children = (
				7C54F0BF23491F2800FCCFDA /* OrderDetail.swift */,
			);
			path = OrderDetail;
			sourceTree = "<group>";
		};
		7C54F0C123491F3900FCCFDA /* OrderItems */ = {
			isa = PBXGroup;
			children = (
				7C54F0C223491FEA00FCCFDA /* OrderItems.swift */,
			);
			path = OrderItems;
			sourceTree = "<group>";
		};
		7C5A21802380D0D1004EC485 /* Guest Model */ = {
			isa = PBXGroup;
			children = (
				7C5A21812380D1B9004EC485 /* GuestCart.swift */,
			);
			path = "Guest Model";
			sourceTree = "<group>";
		};
		7C5DF1572346197C0089B697 /* Offers */ = {
			isa = PBXGroup;
			children = (
				7C5DF158234619AC0089B697 /* OffersViewController.swift */,
			);
			path = Offers;
			sourceTree = "<group>";
		};
		7C5DF15B23465BD30089B697 /* ProductList */ = {
			isa = PBXGroup;
			children = (
				7C5DF15C23465C020089B697 /* ProductListViewController.swift */,
			);
			path = ProductList;
			sourceTree = "<group>";
		};
		7C5DF15E2346633C0089B697 /* Product */ = {
			isa = PBXGroup;
			children = (
				7C5DF15F234663750089B697 /* Product.swift */,
			);
			path = Product;
			sourceTree = "<group>";
		};
		7C63EEE122C4CC0400A244FD /* Wishlist */ = {
			isa = PBXGroup;
			children = (
				7C63EEE422C4CEEE00A244FD /* Wishlist Cell */,
				7C63EEE222C4CC2300A244FD /* WishlistViewController.swift */,
			);
			path = Wishlist;
			sourceTree = "<group>";
		};
		7C63EEE422C4CEEE00A244FD /* Wishlist Cell */ = {
			isa = PBXGroup;
			children = (
				7C63EEE522C4CF0F00A244FD /* WishlistTableViewCell.swift */,
			);
			path = "Wishlist Cell";
			sourceTree = "<group>";
		};
		7C6716202359D1F900952B8E /* User */ = {
			isa = PBXGroup;
			children = (
				7C6716212359D21900952B8E /* User.swift */,
			);
			path = User;
			sourceTree = "<group>";
		};
		7C6801FA236492CC003072F0 /* Quantity Cell */ = {
			isa = PBXGroup;
			children = (
				7C6801FB236492E4003072F0 /* QuantityCollectionViewCell.swift */,
			);
			path = "Quantity Cell";
			sourceTree = "<group>";
		};
		7C6A3EDB22AD474900B6AA8F = {
			isa = PBXGroup;
			children = (
				7C6A3EE622AD474900B6AA8F /* PetShop */,
				7C6A3EFE22AD474C00B6AA8F /* PetShopTests */,
				7C6A3F0922AD474C00B6AA8F /* PetShopUITests */,
				7C6A3EE522AD474900B6AA8F /* Products */,
				DEBB38004FC351D8FF66ABD6 /* Pods */,
				AA808E3D0FE97762617B6746 /* Frameworks */,
			);
			sourceTree = "<group>";
		};
		7C6A3EE522AD474900B6AA8F /* Products */ = {
			isa = PBXGroup;
			children = (
				7C6A3EE422AD474900B6AA8F /* PetShop.app */,
				7C6A3EFB22AD474C00B6AA8F /* PetShopTests.xctest */,
				7C6A3F0622AD474C00B6AA8F /* PetShopUITests.xctest */,
			);
			name = Products;
			sourceTree = "<group>";
		};
		7C6A3EE622AD474900B6AA8F /* PetShop */ = {
			isa = PBXGroup;
			children = (
				7C7C1CCA23CA5B6A00050A08 /* Common Classes */,
				7C79D04E2352A8C000B1A8A3 /* Filter */,
				7C5423C0234E0A0D00D38342 /* Shipping Detail */,
				7C50C1FE234D3EE2006168AE /* TPKeyboardAvoiding */,
				7C770B1823472A2C00EBBC79 /* Search Product */,
				7C5DF15B23465BD30089B697 /* ProductList */,
				7C5DF1572346197C0089B697 /* Offers */,
				7CBD7DF12333B7B000ABF2CA /* Tab Bar */,
				7CC8EF862329A3660039A19A /* Model */,
				7CC8EF7D232991B70039A19A /* Utilities */,
				7C63EEE122C4CC0400A244FD /* Wishlist */,
				7C9D466722C41A6200B5E8A3 /* Orders */,
				7C716E0922BC5FDF00F1737E /* Sort */,
				7C867DCA22BBDA7500CD42A4 /* Brand */,
				7C8BC59322BB112100ADAC91 /* Order Detail */,
				7C8BC59022BB0E3900ADAC91 /* Edit Profile */,
				7C7E554C22BA825400387DCD /* New Arrivals */,
				7C7E554922BA813A00387DCD /* Shipping Address */,
				7C7E554322BA806700387DCD /* Forgot Password */,
				7C7E554022BA800000387DCD /* Add Address */,
				7CDD68E922B9C4C100B04FAB /* Review Order */,
				7CDD68E322B99E4200B04FAB /* Cart */,
				7CDD68E022B99AD000B04FAB /* Product */,
				7CDD68DD22B9880500B04FAB /* ShopCategoryFour */,
				7CDD68DA22B987D600B04FAB /* ShopCategoryThree */,
				7CDD68D722B987AD00B04FAB /* ShopCategoryTwo */,
				7C8ACDAE22B96F8D00D0BA2B /* ShopCategoryOne */,
				7C4FF7CF22AD6BDE00018559 /* Home */,
				7C7E554622BA80F900387DCD /* Account */,
				7C6A3F1822AD4AA200B6AA8F /* Login */,
				7CA44F7223C509DA0087093A /* UIColor+AppColors.swift */,
				7C6A3EE722AD474900B6AA8F /* AppDelegate.swift */,
				7CA44F7023C508D70087093A /* ViewController.swift */,
				7C6A3EEB22AD474900B6AA8F /* Main.storyboard */,
				7C6A3EF122AD474C00B6AA8F /* Assets.xcassets */,
				7C6A3EF322AD474C00B6AA8F /* LaunchScreen.storyboard */,
				7C6A3EF622AD474C00B6AA8F /* Info.plist */,
				7C6A3EEE22AD474900B6AA8F /* PetShop.xcdatamodeld */,
			);
			path = PetShop;
			sourceTree = "<group>";
		};
		7C6A3EFE22AD474C00B6AA8F /* PetShopTests */ = {
			isa = PBXGroup;
			children = (
				7C6A3EFF22AD474C00B6AA8F /* PetShopTests.swift */,
				7C6A3F0122AD474C00B6AA8F /* Info.plist */,
			);
			path = PetShopTests;
			sourceTree = "<group>";
		};
		7C6A3F0922AD474C00B6AA8F /* PetShopUITests */ = {
			isa = PBXGroup;
			children = (
				7C6A3F0A22AD474C00B6AA8F /* PetShopUITests.swift */,
				7C6A3F0C22AD474C00B6AA8F /* Info.plist */,
			);
			path = PetShopUITests;
			sourceTree = "<group>";
		};
		7C6A3F1822AD4AA200B6AA8F /* Login */ = {
			isa = PBXGroup;
			children = (
				7C6A3F1922AD4B1500B6AA8F /* LoginViewController.swift */,
			);
			path = Login;
			sourceTree = "<group>";
		};
		7C6B37652357C50800EA65ED /* Attributes */ = {
			isa = PBXGroup;
			children = (
				7C6B37662357C52E00EA65ED /* Attributes.swift */,
				7C49E5822370717800E372B9 /* ProductAttributes.swift */,
			);
			path = Attributes;
			sourceTree = "<group>";
		};
		7C6CE423232CC88300F277D6 /* Slider */ = {
			isa = PBXGroup;
			children = (
				7C7EF0A32344F41400A61F79 /* Slider.swift */,
			);
			path = Slider;
			sourceTree = "<group>";
		};
		7C716E0922BC5FDF00F1737E /* Sort */ = {
			isa = PBXGroup;
			children = (
				7C716E0A22BC5FF700F1737E /* SortViewController.swift */,
			);
			path = Sort;
			sourceTree = "<group>";
		};
		7C72516D234A88AD008499AF /* Cart */ = {
			isa = PBXGroup;
			children = (
				7C72516E234A88DA008499AF /* Cart.swift */,
			);
			path = Cart;
			sourceTree = "<group>";
		};
		7C72CCD223940114003F60B1 /* Shipping Address Cell */ = {
			isa = PBXGroup;
			children = (
				7C72CCD32394013F003F60B1 /* ShippingAddTableViewCell.swift */,
			);
			path = "Shipping Address Cell";
			sourceTree = "<group>";
		};
		7C770B1823472A2C00EBBC79 /* Search Product */ = {
			isa = PBXGroup;
			children = (
				7C770B1923472A5500EBBC79 /* SearchProductViewController.swift */,
			);
			path = "Search Product";
			sourceTree = "<group>";
		};
		7C770B1B2347389700EBBC79 /* Brand */ = {
			isa = PBXGroup;
			children = (
				7C770B1C234738B400EBBC79 /* Brand.swift */,
			);
			path = Brand;
			sourceTree = "<group>";
		};
		7C79D04E2352A8C000B1A8A3 /* Filter */ = {
			isa = PBXGroup;
			children = (
				7C79D0522352B72B00B1A8A3 /* FilterTableViewCell.swift */,
				7C963D4323C2248500A2884C /* YNExpandableCellEx.xib */,
				7C963D4223C2248500A2884C /* YNExpandableCells.swift */,
				7C963D4423C2248700A2884C /* YNSegmentCell.xib */,
				7C963D4523C2248800A2884C /* YNSliderCell.xib */,
				7C79D0512352B6CC00B1A8A3 /* Filter Cell */,
			);
			path = Filter;
			sourceTree = "<group>";
		};
		7C79D0512352B6CC00B1A8A3 /* Filter Cell */ = {
			isa = PBXGroup;
			children = (
				7C79D04F2352A8DB00B1A8A3 /* FilterViewController.swift */,
			);
			path = "Filter Cell";
			sourceTree = "<group>";
		};
		7C7C1CCA23CA5B6A00050A08 /* Common Classes */ = {
			isa = PBXGroup;
			children = (
				7C7C1CCB23CA5B7B00050A08 /* CustomNavVC.swift */,
			);
			path = "Common Classes";
			sourceTree = "<group>";
		};
		7C7CCECF2354A9900065889C /* Filter */ = {
			isa = PBXGroup;
			children = (
				7C7CCED02354A9C30065889C /* Filter.swift */,
			);
			path = Filter;
			sourceTree = "<group>";
		};
		7C7E554022BA800000387DCD /* Add Address */ = {
			isa = PBXGroup;
			children = (
				7C7E554122BA803700387DCD /* AddAddressViewController.swift */,
			);
			path = "Add Address";
			sourceTree = "<group>";
		};
		7C7E554322BA806700387DCD /* Forgot Password */ = {
			isa = PBXGroup;
			children = (
				7C7E554422BA808C00387DCD /* ForgotPasswordViewController.swift */,
			);
			path = "Forgot Password";
			sourceTree = "<group>";
		};
		7C7E554622BA80F900387DCD /* Account */ = {
			isa = PBXGroup;
			children = (
				7C7E554722BA810F00387DCD /* MyAccountViewController.swift */,
			);
			path = Account;
			sourceTree = "<group>";
		};
		7C7E554922BA813A00387DCD /* Shipping Address */ = {
			isa = PBXGroup;
			children = (
				7CA30F502389C23300B37579 /* Address Cell */,
				7C7E554A22BA815400387DCD /* ShippingAddressViewController.swift */,
			);
			path = "Shipping Address";
			sourceTree = "<group>";
		};
		7C7E554C22BA825400387DCD /* New Arrivals */ = {
			isa = PBXGroup;
			children = (
				7C7E554F22BA84DE00387DCD /* Arrivals Cell */,
				7C7E554D22BA827400387DCD /* NewArrivalsViewController.swift */,
			);
			path = "New Arrivals";
			sourceTree = "<group>";
		};
		7C7E554F22BA84DE00387DCD /* Arrivals Cell */ = {
			isa = PBXGroup;
			children = (
				7C7E555022BA8F9800387DCD /* ArrivalsTableViewCell.swift */,
			);
			path = "Arrivals Cell";
			sourceTree = "<group>";
		};
		7C7EF0A523452C5C00A61F79 /* PetCategories */ = {
			isa = PBXGroup;
			children = (
				7C7EF0A623452C9100A61F79 /* PetCategories.swift */,
			);
			path = PetCategories;
			sourceTree = "<group>";
		};
		7C84ADB023457F630063078F /* Latest Product */ = {
			isa = PBXGroup;
			children = (
				7C84ADB1234582710063078F /* LatestProduct.swift */,
			);
			path = "Latest Product";
			sourceTree = "<group>";
		};
		7C867DC722BBD09300CD42A4 /* Order Cell */ = {
			isa = PBXGroup;
			children = (
				7C867DC822BBD0BE00CD42A4 /* OrderDetailPTableViewCell.swift */,
			);
			path = "Order Cell";
			sourceTree = "<group>";
		};
		7C867DCA22BBDA7500CD42A4 /* Brand */ = {
			isa = PBXGroup;
			children = (
				7C867DCD22BBDB4F00CD42A4 /* Brand Cell */,
				7C867DCB22BBDAEE00CD42A4 /* BrandViewController.swift */,
			);
			path = Brand;
			sourceTree = "<group>";
		};
		7C867DCD22BBDB4F00CD42A4 /* Brand Cell */ = {
			isa = PBXGroup;
			children = (
				7C867DCE22BBDB7700CD42A4 /* BrandTableViewCell.swift */,
			);
			path = "Brand Cell";
			sourceTree = "<group>";
		};
		7C8ACDAE22B96F8D00D0BA2B /* ShopCategoryOne */ = {
			isa = PBXGroup;
			children = (
				7C8ACDB122B970C800D0BA2B /* ShopCategoryCell */,
				7C8ACDAF22B96FB700D0BA2B /* ShopCategoryOneViewController.swift */,
			);
			path = ShopCategoryOne;
			sourceTree = "<group>";
		};
		7C8ACDB122B970C800D0BA2B /* ShopCategoryCell */ = {
			isa = PBXGroup;
			children = (
				7C8ACDB222B9711900D0BA2B /* ShopCategoryCollectionViewCell.swift */,
			);
			path = ShopCategoryCell;
			sourceTree = "<group>";
		};
		7C8BC59022BB0E3900ADAC91 /* Edit Profile */ = {
			isa = PBXGroup;
			children = (
				7C8BC59122BB0E7E00ADAC91 /* EditProfileViewController.swift */,
			);
			path = "Edit Profile";
			sourceTree = "<group>";
		};
		7C8BC59322BB112100ADAC91 /* Order Detail */ = {
			isa = PBXGroup;
			children = (
				7C867DC722BBD09300CD42A4 /* Order Cell */,
				7C8BC59422BB113600ADAC91 /* OrderDetailViewController.swift */,
			);
			path = "Order Detail";
			sourceTree = "<group>";
		};
		7C9D466722C41A6200B5E8A3 /* Orders */ = {
			isa = PBXGroup;
			children = (
				7C9D466A22C41AAB00B5E8A3 /* Orders Cell */,
				7C9D466822C41A7800B5E8A3 /* OrdersViewController.swift */,
			);
			path = Orders;
			sourceTree = "<group>";
		};
		7C9D466A22C41AAB00B5E8A3 /* Orders Cell */ = {
			isa = PBXGroup;
			children = (
				7C9D466B22C41AC400B5E8A3 /* OrdersTableViewCell.swift */,
			);
			path = "Orders Cell";
			sourceTree = "<group>";
		};
		7CA30F502389C23300B37579 /* Address Cell */ = {
			isa = PBXGroup;
			children = (
				7CA30F512389C25700B37579 /* AddressTableViewCell.swift */,
			);
			path = "Address Cell";
			sourceTree = "<group>";
		};
		7CBD7DF12333B7B000ABF2CA /* Tab Bar */ = {
			isa = PBXGroup;
			children = (
				7CBD7DF22333B80D00ABF2CA /* MainTabBarController.swift */,
			);
			path = "Tab Bar";
			sourceTree = "<group>";
		};
		7CC8EF7D232991B70039A19A /* Utilities */ = {
			isa = PBXGroup;
			children = (
				7CC8EF872329A3910039A19A /* Calls */,
				7CC8EF81232993A70039A19A /* Constant */,
				7CC8EF7E232991D20039A19A /* Reachability */,
			);
			path = Utilities;
			sourceTree = "<group>";
		};
		7CC8EF7E232991D20039A19A /* Reachability */ = {
			isa = PBXGroup;
			children = (
				7CC8EF7F232992260039A19A /* Reachability.swift */,
			);
			path = Reachability;
			sourceTree = "<group>";
		};
		7CC8EF81232993A70039A19A /* Constant */ = {
			isa = PBXGroup;
			children = (
				7CC8EF82232993D70039A19A /* RestAPIConstant.swift */,
				7CC8EF84232996D90039A19A /* AppConstant.swift */,
			);
			path = Constant;
			sourceTree = "<group>";
		};
		7CC8EF862329A3660039A19A /* Model */ = {
			isa = PBXGroup;
			children = (
				7C5A21802380D0D1004EC485 /* Guest Model */,
				7C6716202359D1F900952B8E /* User */,
				7C6B37652357C50800EA65ED /* Attributes */,
				7C7CCECF2354A9900065889C /* Filter */,
				7C72516D234A88AD008499AF /* Cart */,
				7C54F0C123491F3900FCCFDA /* OrderItems */,
				7C54F0BE23491EA600FCCFDA /* OrderDetail */,
				7C770B1B2347389700EBBC79 /* Brand */,
				7C5DF15E2346633C0089B697 /* Product */,
				7C84ADB023457F630063078F /* Latest Product */,
				7C7EF0A523452C5C00A61F79 /* PetCategories */,
				7C6CE423232CC88300F277D6 /* Slider */,
			);
			path = Model;
			sourceTree = "<group>";
		};
		7CC8EF872329A3910039A19A /* Calls */ = {
			isa = PBXGroup;
			children = (
				7CC8EF8A2329A4C90039A19A /* AlamofireCalls.swift */,
			);
			path = Calls;
			sourceTree = "<group>";
		};
		7CDD68D722B987AD00B04FAB /* ShopCategoryTwo */ = {
			isa = PBXGroup;
			children = (
				7CDD68D822B987CB00B04FAB /* ShopCategoryTwoViewController.swift */,
			);
			path = ShopCategoryTwo;
			sourceTree = "<group>";
		};
		7CDD68DA22B987D600B04FAB /* ShopCategoryThree */ = {
			isa = PBXGroup;
			children = (
				7CDD68DB22B987F200B04FAB /* ShopCategoryThreeViewController.swift */,
			);
			path = ShopCategoryThree;
			sourceTree = "<group>";
		};
		7CDD68DD22B9880500B04FAB /* ShopCategoryFour */ = {
			isa = PBXGroup;
			children = (
				7CDD68DE22B9882000B04FAB /* ShopCategoryFourViewController.swift */,
			);
			path = ShopCategoryFour;
			sourceTree = "<group>";
		};
		7CDD68E022B99AD000B04FAB /* Product */ = {
			isa = PBXGroup;
			children = (
				7C42F11E23652AF9006801D9 /* Attribute Cell */,
				7C6801FA236492CC003072F0 /* Quantity Cell */,
				7CDD68E122B99AEB00B04FAB /* ProductViewController.swift */,
				7C42F11C23651D0B006801D9 /* AttributeViewController.swift */,
			);
			path = Product;
			sourceTree = "<group>";
		};
		7CDD68E322B99E4200B04FAB /* Cart */ = {
			isa = PBXGroup;
			children = (
				7CDD68E622B99F5300B04FAB /* Cart Cell */,
				7CDD68E422B99E5300B04FAB /* CartViewController.swift */,
			);
			path = Cart;
			sourceTree = "<group>";
		};
		7CDD68E622B99F5300B04FAB /* Cart Cell */ = {
			isa = PBXGroup;
			children = (
				7CDD68E722B99F8500B04FAB /* CartTableViewCell.swift */,
			);
			path = "Cart Cell";
			sourceTree = "<group>";
		};
		7CDD68E922B9C4C100B04FAB /* Review Order */ = {
			isa = PBXGroup;
			children = (
				7C72CCD223940114003F60B1 /* Shipping Address Cell */,
				7CDD68EC22B9C50F00B04FAB /* Review Order Cell */,
				7CDD68EA22B9C4FA00B04FAB /* ReviewOrderViewController.swift */,
			);
			path = "Review Order";
			sourceTree = "<group>";
		};
		7CDD68EC22B9C50F00B04FAB /* Review Order Cell */ = {
			isa = PBXGroup;
			children = (
				7CDD68ED22B9C53E00B04FAB /* ReviewOrderTableViewCell.swift */,
			);
			path = "Review Order Cell";
			sourceTree = "<group>";
		};
		AA808E3D0FE97762617B6746 /* Frameworks */ = {
			isa = PBXGroup;
			children = (
				FD21E02E4C8CA168790E13ED /* Pods_PetShop.framework */,
			);
			name = Frameworks;
			sourceTree = "<group>";
		};
		DEBB38004FC351D8FF66ABD6 /* Pods */ = {
			isa = PBXGroup;
			children = (
				A43DBFE9E36583F6A568740B /* Pods-PetShop.debug.xcconfig */,
				D7C720F8E93C9C3D9B9B435A /* Pods-PetShop.release.xcconfig */,
			);
			name = Pods;
			sourceTree = "<group>";
		};
/* End PBXGroup section */

/* Begin PBXNativeTarget section */
		7C6A3EE322AD474900B6AA8F /* PetShop */ = {
			isa = PBXNativeTarget;
			buildConfigurationList = 7C6A3F0F22AD474C00B6AA8F /* Build configuration list for PBXNativeTarget "PetShop" */;
			buildPhases = (
				2D0B4B44225AFEAF808A3358 /* [CP] Check Pods Manifest.lock */,
				7C6A3EE022AD474900B6AA8F /* Sources */,
				7C6A3EE122AD474900B6AA8F /* Frameworks */,
				7C6A3EE222AD474900B6AA8F /* Resources */,
				6430E067824BDA4DF09D915C /* [CP] Embed Pods Frameworks */,
			);
			buildRules = (
			);
			dependencies = (
			);
			name = PetShop;
			productName = PetShop;
			productReference = 7C6A3EE422AD474900B6AA8F /* PetShop.app */;
			productType = "com.apple.product-type.application";
		};
		7C6A3EFA22AD474C00B6AA8F /* PetShopTests */ = {
			isa = PBXNativeTarget;
			buildConfigurationList = 7C6A3F1222AD474C00B6AA8F /* Build configuration list for PBXNativeTarget "PetShopTests" */;
			buildPhases = (
				7C6A3EF722AD474C00B6AA8F /* Sources */,
				7C6A3EF822AD474C00B6AA8F /* Frameworks */,
				7C6A3EF922AD474C00B6AA8F /* Resources */,
			);
			buildRules = (
			);
			dependencies = (
				7C6A3EFD22AD474C00B6AA8F /* PBXTargetDependency */,
			);
			name = PetShopTests;
			productName = PetShopTests;
			productReference = 7C6A3EFB22AD474C00B6AA8F /* PetShopTests.xctest */;
			productType = "com.apple.product-type.bundle.unit-test";
		};
		7C6A3F0522AD474C00B6AA8F /* PetShopUITests */ = {
			isa = PBXNativeTarget;
			buildConfigurationList = 7C6A3F1522AD474C00B6AA8F /* Build configuration list for PBXNativeTarget "PetShopUITests" */;
			buildPhases = (
				7C6A3F0222AD474C00B6AA8F /* Sources */,
				7C6A3F0322AD474C00B6AA8F /* Frameworks */,
				7C6A3F0422AD474C00B6AA8F /* Resources */,
			);
			buildRules = (
			);
			dependencies = (
				7C6A3F0822AD474C00B6AA8F /* PBXTargetDependency */,
			);
			name = PetShopUITests;
			productName = PetShopUITests;
			productReference = 7C6A3F0622AD474C00B6AA8F /* PetShopUITests.xctest */;
			productType = "com.apple.product-type.bundle.ui-testing";
		};
/* End PBXNativeTarget section */

/* Begin PBXProject section */
		7C6A3EDC22AD474900B6AA8F /* Project object */ = {
			isa = PBXProject;
			attributes = {
				LastSwiftUpdateCheck = 1000;
				LastUpgradeCheck = 1000;
				ORGANIZATIONNAME = "Wassay Khan";
				TargetAttributes = {
					7C6A3EE322AD474900B6AA8F = {
						CreatedOnToolsVersion = 10.0;
					};
					7C6A3EFA22AD474C00B6AA8F = {
						CreatedOnToolsVersion = 10.0;
						TestTargetID = 7C6A3EE322AD474900B6AA8F;
					};
					7C6A3F0522AD474C00B6AA8F = {
						CreatedOnToolsVersion = 10.0;
						TestTargetID = 7C6A3EE322AD474900B6AA8F;
					};
				};
			};
			buildConfigurationList = 7C6A3EDF22AD474900B6AA8F /* Build configuration list for PBXProject "PetShop" */;
			compatibilityVersion = "Xcode 9.3";
			developmentRegion = en;
			hasScannedForEncodings = 0;
			knownRegions = (
				en,
				Base,
			);
			mainGroup = 7C6A3EDB22AD474900B6AA8F;
			productRefGroup = 7C6A3EE522AD474900B6AA8F /* Products */;
			projectDirPath = "";
			projectRoot = "";
			targets = (
				7C6A3EE322AD474900B6AA8F /* PetShop */,
				7C6A3EFA22AD474C00B6AA8F /* PetShopTests */,
				7C6A3F0522AD474C00B6AA8F /* PetShopUITests */,
			);
		};
/* End PBXProject section */

/* Begin PBXResourcesBuildPhase section */
		7C6A3EE222AD474900B6AA8F /* Resources */ = {
			isa = PBXResourcesBuildPhase;
			buildActionMask = 2147483647;
			files = (
				7C6A3EF522AD474C00B6AA8F /* LaunchScreen.storyboard in Resources */,
				7C6A3EF222AD474C00B6AA8F /* Assets.xcassets in Resources */,
				7C6A3EED22AD474900B6AA8F /* Main.storyboard in Resources */,
				7C963D4923C2248800A2884C /* YNSliderCell.xib in Resources */,
				7C963D4723C2248800A2884C /* YNExpandableCellEx.xib in Resources */,
				7C963D4823C2248800A2884C /* YNSegmentCell.xib in Resources */,
			);
			runOnlyForDeploymentPostprocessing = 0;
		};
		7C6A3EF922AD474C00B6AA8F /* Resources */ = {
			isa = PBXResourcesBuildPhase;
			buildActionMask = 2147483647;
			files = (
			);
			runOnlyForDeploymentPostprocessing = 0;
		};
		7C6A3F0422AD474C00B6AA8F /* Resources */ = {
			isa = PBXResourcesBuildPhase;
			buildActionMask = 2147483647;
			files = (
			);
			runOnlyForDeploymentPostprocessing = 0;
		};
/* End PBXResourcesBuildPhase section */

/* Begin PBXShellScriptBuildPhase section */
		2D0B4B44225AFEAF808A3358 /* [CP] Check Pods Manifest.lock */ = {
			isa = PBXShellScriptBuildPhase;
			buildActionMask = 2147483647;
			files = (
			);
			inputFileListPaths = (
			);
			inputPaths = (
				"${PODS_PODFILE_DIR_PATH}/Podfile.lock",
				"${PODS_ROOT}/Manifest.lock",
			);
			name = "[CP] Check Pods Manifest.lock";
			outputFileListPaths = (
			);
			outputPaths = (
				"$(DERIVED_FILE_DIR)/Pods-PetShop-checkManifestLockResult.txt",
			);
			runOnlyForDeploymentPostprocessing = 0;
			shellPath = /bin/sh;
			shellScript = "diff \"${PODS_PODFILE_DIR_PATH}/Podfile.lock\" \"${PODS_ROOT}/Manifest.lock\" > /dev/null\nif [ $? != 0 ] ; then\n    # print error to STDERR\n    echo \"error: The sandbox is not in sync with the Podfile.lock. Run 'pod install' or update your CocoaPods installation.\" >&2\n    exit 1\nfi\n# This output is used by Xcode 'outputs' to avoid re-running this script phase.\necho \"SUCCESS\" > \"${SCRIPT_OUTPUT_FILE_0}\"\n";
			showEnvVarsInLog = 0;
		};
		6430E067824BDA4DF09D915C /* [CP] Embed Pods Frameworks */ = {
			isa = PBXShellScriptBuildPhase;
			buildActionMask = 2147483647;
			files = (
			);
			inputFileListPaths = (
			);
			inputPaths = (
				"${SRCROOT}/Pods/Target Support Files/Pods-PetShop/Pods-PetShop-frameworks.sh",
				"${BUILT_PRODUCTS_DIR}/Alamofire/Alamofire.framework",
				"${BUILT_PRODUCTS_DIR}/BadgeSwift/BadgeSwift.framework",
				"${BUILT_PRODUCTS_DIR}/ImageSlideshow/ImageSlideshow.framework",
				"${BUILT_PRODUCTS_DIR}/JVFloatLabeledTextField/JVFloatLabeledTextField.framework",
				"${BUILT_PRODUCTS_DIR}/Presentr/Presentr.framework",
				"${BUILT_PRODUCTS_DIR}/SDWebImage/SDWebImage.framework",
				"${BUILT_PRODUCTS_DIR}/SVProgressHUD/SVProgressHUD.framework",
				"${BUILT_PRODUCTS_DIR}/ScalingCarousel/ScalingCarousel.framework",
				"${BUILT_PRODUCTS_DIR}/YNExpandableCell/YNExpandableCell.framework",
			);
			name = "[CP] Embed Pods Frameworks";
			outputFileListPaths = (
			);
			outputPaths = (
				"${TARGET_BUILD_DIR}/${FRAMEWORKS_FOLDER_PATH}/Alamofire.framework",
				"${TARGET_BUILD_DIR}/${FRAMEWORKS_FOLDER_PATH}/BadgeSwift.framework",
				"${TARGET_BUILD_DIR}/${FRAMEWORKS_FOLDER_PATH}/ImageSlideshow.framework",
				"${TARGET_BUILD_DIR}/${FRAMEWORKS_FOLDER_PATH}/JVFloatLabeledTextField.framework",
				"${TARGET_BUILD_DIR}/${FRAMEWORKS_FOLDER_PATH}/Presentr.framework",
				"${TARGET_BUILD_DIR}/${FRAMEWORKS_FOLDER_PATH}/SDWebImage.framework",
				"${TARGET_BUILD_DIR}/${FRAMEWORKS_FOLDER_PATH}/SVProgressHUD.framework",
				"${TARGET_BUILD_DIR}/${FRAMEWORKS_FOLDER_PATH}/ScalingCarousel.framework",
				"${TARGET_BUILD_DIR}/${FRAMEWORKS_FOLDER_PATH}/YNExpandableCell.framework",
			);
			runOnlyForDeploymentPostprocessing = 0;
			shellPath = /bin/sh;
			shellScript = "\"${SRCROOT}/Pods/Target Support Files/Pods-PetShop/Pods-PetShop-frameworks.sh\"\n";
			showEnvVarsInLog = 0;
		};
/* End PBXShellScriptBuildPhase section */

/* Begin PBXSourcesBuildPhase section */
		7C6A3EE022AD474900B6AA8F /* Sources */ = {
			isa = PBXSourcesBuildPhase;
			buildActionMask = 2147483647;
			files = (
				7C42F12023652B28006801D9 /* AttributeTableViewCell.swift in Sources */,
				7C8BC59222BB0E7E00ADAC91 /* EditProfileViewController.swift in Sources */,
				7C50C208234D3EE3006168AE /* TPKeyboardAvoidingTableView.m in Sources */,
				7C54F0C023491F2800FCCFDA /* OrderDetail.swift in Sources */,
				7C083A5523635753009375C9 /* CodeViewController.swift in Sources */,
				7CDD68DF22B9882000B04FAB /* ShopCategoryFourViewController.swift in Sources */,
				7CA44F7123C508D70087093A /* ViewController.swift in Sources */,
				7C9E0DB322B47D4600B25DE5 /* HomeViewController.swift in Sources */,
				7C9D466922C41A7800B5E8A3 /* OrdersViewController.swift in Sources */,
				7C6A3F1A22AD4B1500B6AA8F /* LoginViewController.swift in Sources */,
				7CDD68E222B99AEB00B04FAB /* ProductViewController.swift in Sources */,
				7C7C1CCC23CA5B7B00050A08 /* CustomNavVC.swift in Sources */,
				7C6716222359D21900952B8E /* User.swift in Sources */,
				7CC8EF8B2329A4C90039A19A /* AlamofireCalls.swift in Sources */,
				7CA30F522389C25700B37579 /* AddressTableViewCell.swift in Sources */,
				7C867DCC22BBDAEE00CD42A4 /* BrandViewController.swift in Sources */,
				7C63EEE322C4CC2300A244FD /* WishlistViewController.swift in Sources */,
				7C72CCD42394013F003F60B1 /* ShippingAddTableViewCell.swift in Sources */,
				7CDD68E522B99E5300B04FAB /* CartViewController.swift in Sources */,
				7C770B1A23472A5500EBBC79 /* SearchProductViewController.swift in Sources */,
				7C7EF0A723452C9100A61F79 /* PetCategories.swift in Sources */,
				7C5423C2234E0A5900D38342 /* ShippingDetailViewController.swift in Sources */,
				7C49E5832370717800E372B9 /* ProductAttributes.swift in Sources */,
				7C84ADB2234582710063078F /* LatestProduct.swift in Sources */,
				7CBD7DF32333B80D00ABF2CA /* MainTabBarController.swift in Sources */,
				7CDD68DC22B987F200B04FAB /* ShopCategoryThreeViewController.swift in Sources */,
				7C79D0532352B72B00B1A8A3 /* FilterTableViewCell.swift in Sources */,
				7C7E554222BA803700387DCD /* AddAddressViewController.swift in Sources */,
				7C7CCED12354A9C30065889C /* Filter.swift in Sources */,
				7C5DF15D23465C020089B697 /* ProductListViewController.swift in Sources */,
				7C7E554822BA810F00387DCD /* MyAccountViewController.swift in Sources */,
				7C5DF159234619AC0089B697 /* OffersViewController.swift in Sources */,
				7C5DF160234663750089B697 /* Product.swift in Sources */,
				7C716E0B22BC5FF700F1737E /* SortViewController.swift in Sources */,
				7CA44F7323C509DA0087093A /* UIColor+AppColors.swift in Sources */,
				7C7E555122BA8F9800387DCD /* ArrivalsTableViewCell.swift in Sources */,
				7C8BC59522BB113600ADAC91 /* OrderDetailViewController.swift in Sources */,
				7CC8EF85232996D90039A19A /* AppConstant.swift in Sources */,
				7C963D4623C2248800A2884C /* YNExpandableCells.swift in Sources */,
				7C867DC922BBD0BE00CD42A4 /* OrderDetailPTableViewCell.swift in Sources */,
				7C54F0C323491FEA00FCCFDA /* OrderItems.swift in Sources */,
				7C8ACDB022B96FB700D0BA2B /* ShopCategoryOneViewController.swift in Sources */,
				7C50C209234D3EE3006168AE /* TPKeyboardAvoidingScrollView.m in Sources */,
				7C9D466C22C41AC400B5E8A3 /* OrdersTableViewCell.swift in Sources */,
				7C770B1D234738B400EBBC79 /* Brand.swift in Sources */,
				7C6801FC236492E4003072F0 /* QuantityCollectionViewCell.swift in Sources */,
				7C50C207234D3EE3006168AE /* UIScrollView+TPKeyboardAvoidingAdditions.m in Sources */,
				7C72516F234A88DA008499AF /* Cart.swift in Sources */,
				7C7E554B22BA815400387DCD /* ShippingAddressViewController.swift in Sources */,
				7C6A3EF022AD474900B6AA8F /* PetShop.xcdatamodeld in Sources */,
				7C6B37672357C52E00EA65ED /* Attributes.swift in Sources */,
				7C488C3422C576A200FCF6DF /* LatestProductCollectionViewCell.swift in Sources */,
				7C867DCF22BBDB7700CD42A4 /* BrandTableViewCell.swift in Sources */,
				7CDD68E822B99F8500B04FAB /* CartTableViewCell.swift in Sources */,
				7C7E554522BA808C00387DCD /* ForgotPasswordViewController.swift in Sources */,
				7C7EF0A42344F41500A61F79 /* Slider.swift in Sources */,
				7CDD68EE22B9C53E00B04FAB /* ReviewOrderTableViewCell.swift in Sources */,
				7C6A3EE822AD474900B6AA8F /* AppDelegate.swift in Sources */,
				7C63EEE622C4CF0F00A244FD /* WishlistTableViewCell.swift in Sources */,
				7C42F11D23651D0B006801D9 /* AttributeViewController.swift in Sources */,
				7C8ACDB322B9711900D0BA2B /* ShopCategoryCollectionViewCell.swift in Sources */,
				7CC8EF80232992260039A19A /* Reachability.swift in Sources */,
				7C79D0502352A8DB00B1A8A3 /* FilterViewController.swift in Sources */,
				7CDD68D922B987CB00B04FAB /* ShopCategoryTwoViewController.swift in Sources */,
				7CDD68EB22B9C4FA00B04FAB /* ReviewOrderViewController.swift in Sources */,
				7C5A21822380D1B9004EC485 /* GuestCart.swift in Sources */,
				7CC8EF83232993D70039A19A /* RestAPIConstant.swift in Sources */,
				7C50C20A234D3EE3006168AE /* TPKeyboardAvoidingCollectionView.m in Sources */,
				7C7E554E22BA827400387DCD /* NewArrivalsViewController.swift in Sources */,
			);
			runOnlyForDeploymentPostprocessing = 0;
		};
		7C6A3EF722AD474C00B6AA8F /* Sources */ = {
			isa = PBXSourcesBuildPhase;
			buildActionMask = 2147483647;
			files = (
				7C6A3F0022AD474C00B6AA8F /* PetShopTests.swift in Sources */,
			);
			runOnlyForDeploymentPostprocessing = 0;
		};
		7C6A3F0222AD474C00B6AA8F /* Sources */ = {
			isa = PBXSourcesBuildPhase;
			buildActionMask = 2147483647;
			files = (
				7C6A3F0B22AD474C00B6AA8F /* PetShopUITests.swift in Sources */,
			);
			runOnlyForDeploymentPostprocessing = 0;
		};
/* End PBXSourcesBuildPhase section */

/* Begin PBXTargetDependency section */
		7C6A3EFD22AD474C00B6AA8F /* PBXTargetDependency */ = {
			isa = PBXTargetDependency;
			target = 7C6A3EE322AD474900B6AA8F /* PetShop */;
			targetProxy = 7C6A3EFC22AD474C00B6AA8F /* PBXContainerItemProxy */;
		};
		7C6A3F0822AD474C00B6AA8F /* PBXTargetDependency */ = {
			isa = PBXTargetDependency;
			target = 7C6A3EE322AD474900B6AA8F /* PetShop */;
			targetProxy = 7C6A3F0722AD474C00B6AA8F /* PBXContainerItemProxy */;
		};
/* End PBXTargetDependency section */

/* Begin PBXVariantGroup section */
		7C6A3EEB22AD474900B6AA8F /* Main.storyboard */ = {
			isa = PBXVariantGroup;
			children = (
				7C6A3EEC22AD474900B6AA8F /* Base */,
			);
			name = Main.storyboard;
			sourceTree = "<group>";
		};
		7C6A3EF322AD474C00B6AA8F /* LaunchScreen.storyboard */ = {
			isa = PBXVariantGroup;
			children = (
				7C6A3EF422AD474C00B6AA8F /* Base */,
			);
			name = LaunchScreen.storyboard;
			sourceTree = "<group>";
		};
/* End PBXVariantGroup section */

/* Begin XCBuildConfiguration section */
		7C6A3F0D22AD474C00B6AA8F /* Debug */ = {
			isa = XCBuildConfiguration;
			buildSettings = {
				ALWAYS_SEARCH_USER_PATHS = NO;
				CLANG_ANALYZER_NONNULL = YES;
				CLANG_ANALYZER_NUMBER_OBJECT_CONVERSION = YES_AGGRESSIVE;
				CLANG_CXX_LANGUAGE_STANDARD = "gnu++14";
				CLANG_CXX_LIBRARY = "libc++";
				CLANG_ENABLE_MODULES = YES;
				CLANG_ENABLE_OBJC_ARC = YES;
				CLANG_ENABLE_OBJC_WEAK = YES;
				CLANG_WARN_BLOCK_CAPTURE_AUTORELEASING = YES;
				CLANG_WARN_BOOL_CONVERSION = YES;
				CLANG_WARN_COMMA = YES;
				CLANG_WARN_CONSTANT_CONVERSION = YES;
				CLANG_WARN_DEPRECATED_OBJC_IMPLEMENTATIONS = YES;
				CLANG_WARN_DIRECT_OBJC_ISA_USAGE = YES_ERROR;
				CLANG_WARN_DOCUMENTATION_COMMENTS = YES;
				CLANG_WARN_EMPTY_BODY = YES;
				CLANG_WARN_ENUM_CONVERSION = YES;
				CLANG_WARN_INFINITE_RECURSION = YES;
				CLANG_WARN_INT_CONVERSION = YES;
				CLANG_WARN_NON_LITERAL_NULL_CONVERSION = YES;
				CLANG_WARN_OBJC_IMPLICIT_RETAIN_SELF = YES;
				CLANG_WARN_OBJC_LITERAL_CONVERSION = YES;
				CLANG_WARN_OBJC_ROOT_CLASS = YES_ERROR;
				CLANG_WARN_RANGE_LOOP_ANALYSIS = YES;
				CLANG_WARN_STRICT_PROTOTYPES = YES;
				CLANG_WARN_SUSPICIOUS_MOVE = YES;
				CLANG_WARN_UNGUARDED_AVAILABILITY = YES_AGGRESSIVE;
				CLANG_WARN_UNREACHABLE_CODE = YES;
				CLANG_WARN__DUPLICATE_METHOD_MATCH = YES;
				CODE_SIGN_IDENTITY = "iPhone Distribution: Silicon Graphics (74B3D25UJJ)";
				COPY_PHASE_STRIP = NO;
				DEBUG_INFORMATION_FORMAT = dwarf;
				ENABLE_STRICT_OBJC_MSGSEND = YES;
				ENABLE_TESTABILITY = YES;
				GCC_C_LANGUAGE_STANDARD = gnu11;
				GCC_DYNAMIC_NO_PIC = NO;
				GCC_NO_COMMON_BLOCKS = YES;
				GCC_OPTIMIZATION_LEVEL = 0;
				GCC_PREPROCESSOR_DEFINITIONS = (
					"DEBUG=1",
					"$(inherited)",
				);
				GCC_WARN_64_TO_32_BIT_CONVERSION = YES;
				GCC_WARN_ABOUT_RETURN_TYPE = YES_ERROR;
				GCC_WARN_UNDECLARED_SELECTOR = YES;
				GCC_WARN_UNINITIALIZED_AUTOS = YES_AGGRESSIVE;
				GCC_WARN_UNUSED_FUNCTION = YES;
				GCC_WARN_UNUSED_VARIABLE = YES;
				IPHONEOS_DEPLOYMENT_TARGET = 12.0;
				MTL_ENABLE_DEBUG_INFO = INCLUDE_SOURCE;
				MTL_FAST_MATH = YES;
				ONLY_ACTIVE_ARCH = YES;
				SDKROOT = iphoneos;
				SWIFT_ACTIVE_COMPILATION_CONDITIONS = DEBUG;
				SWIFT_OPTIMIZATION_LEVEL = "-Onone";
			};
			name = Debug;
		};
		7C6A3F0E22AD474C00B6AA8F /* Release */ = {
			isa = XCBuildConfiguration;
			buildSettings = {
				ALWAYS_SEARCH_USER_PATHS = NO;
				CLANG_ANALYZER_NONNULL = YES;
				CLANG_ANALYZER_NUMBER_OBJECT_CONVERSION = YES_AGGRESSIVE;
				CLANG_CXX_LANGUAGE_STANDARD = "gnu++14";
				CLANG_CXX_LIBRARY = "libc++";
				CLANG_ENABLE_MODULES = YES;
				CLANG_ENABLE_OBJC_ARC = YES;
				CLANG_ENABLE_OBJC_WEAK = YES;
				CLANG_WARN_BLOCK_CAPTURE_AUTORELEASING = YES;
				CLANG_WARN_BOOL_CONVERSION = YES;
				CLANG_WARN_COMMA = YES;
				CLANG_WARN_CONSTANT_CONVERSION = YES;
				CLANG_WARN_DEPRECATED_OBJC_IMPLEMENTATIONS = YES;
				CLANG_WARN_DIRECT_OBJC_ISA_USAGE = YES_ERROR;
				CLANG_WARN_DOCUMENTATION_COMMENTS = YES;
				CLANG_WARN_EMPTY_BODY = YES;
				CLANG_WARN_ENUM_CONVERSION = YES;
				CLANG_WARN_INFINITE_RECURSION = YES;
				CLANG_WARN_INT_CONVERSION = YES;
				CLANG_WARN_NON_LITERAL_NULL_CONVERSION = YES;
				CLANG_WARN_OBJC_IMPLICIT_RETAIN_SELF = YES;
				CLANG_WARN_OBJC_LITERAL_CONVERSION = YES;
				CLANG_WARN_OBJC_ROOT_CLASS = YES_ERROR;
				CLANG_WARN_RANGE_LOOP_ANALYSIS = YES;
				CLANG_WARN_STRICT_PROTOTYPES = YES;
				CLANG_WARN_SUSPICIOUS_MOVE = YES;
				CLANG_WARN_UNGUARDED_AVAILABILITY = YES_AGGRESSIVE;
				CLANG_WARN_UNREACHABLE_CODE = YES;
				CLANG_WARN__DUPLICATE_METHOD_MATCH = YES;
				CODE_SIGN_IDENTITY = "iPhone Distribution: Silicon Graphics (74B3D25UJJ)";
				COPY_PHASE_STRIP = NO;
				DEBUG_INFORMATION_FORMAT = "dwarf-with-dsym";
				ENABLE_NS_ASSERTIONS = NO;
				ENABLE_STRICT_OBJC_MSGSEND = YES;
				GCC_C_LANGUAGE_STANDARD = gnu11;
				GCC_NO_COMMON_BLOCKS = YES;
				GCC_WARN_64_TO_32_BIT_CONVERSION = YES;
				GCC_WARN_ABOUT_RETURN_TYPE = YES_ERROR;
				GCC_WARN_UNDECLARED_SELECTOR = YES;
				GCC_WARN_UNINITIALIZED_AUTOS = YES_AGGRESSIVE;
				GCC_WARN_UNUSED_FUNCTION = YES;
				GCC_WARN_UNUSED_VARIABLE = YES;
				IPHONEOS_DEPLOYMENT_TARGET = 12.0;
				MTL_ENABLE_DEBUG_INFO = NO;
				MTL_FAST_MATH = YES;
				SDKROOT = iphoneos;
				SWIFT_COMPILATION_MODE = wholemodule;
				SWIFT_OPTIMIZATION_LEVEL = "-O";
				VALIDATE_PRODUCT = YES;
			};
			name = Release;
		};
		7C6A3F1022AD474C00B6AA8F /* Debug */ = {
			isa = XCBuildConfiguration;
			baseConfigurationReference = A43DBFE9E36583F6A568740B /* Pods-PetShop.debug.xcconfig */;
			buildSettings = {
				ASSETCATALOG_COMPILER_APPICON_NAME = AppIcon;
				CODE_SIGN_IDENTITY = "iPhone Distribution: Silicon Graphics (74B3D25UJJ)";
				CODE_SIGN_STYLE = Manual;
				DEVELOPMENT_TEAM = 74B3D25UJJ;
				INFOPLIST_FILE = PetShop/Info.plist;
				LD_RUNPATH_SEARCH_PATHS = (
					"$(inherited)",
					"@executable_path/Frameworks",
				);
				PRODUCT_BUNDLE_IDENTIFIER = com.silicongraphics.petshop;
				PRODUCT_NAME = "$(TARGET_NAME)";
				PROVISIONING_PROFILE_SPECIFIER = petshopProvisionalProfile;
				SWIFT_VERSION = 4.2;
				TARGETED_DEVICE_FAMILY = "1,2";
			};
			name = Debug;
		};
		7C6A3F1122AD474C00B6AA8F /* Release */ = {
			isa = XCBuildConfiguration;
			baseConfigurationReference = D7C720F8E93C9C3D9B9B435A /* Pods-PetShop.release.xcconfig */;
			buildSettings = {
				ASSETCATALOG_COMPILER_APPICON_NAME = AppIcon;
				CODE_SIGN_IDENTITY = "iPhone Distribution: Silicon Graphics (74B3D25UJJ)";
				CODE_SIGN_STYLE = Manual;
				DEVELOPMENT_TEAM = 74B3D25UJJ;
				INFOPLIST_FILE = PetShop/Info.plist;
				LD_RUNPATH_SEARCH_PATHS = (
					"$(inherited)",
					"@executable_path/Frameworks",
				);
				PRODUCT_BUNDLE_IDENTIFIER = com.silicongraphics.petshop;
				PRODUCT_NAME = "$(TARGET_NAME)";
				PROVISIONING_PROFILE_SPECIFIER = petshopProvisionalProfile;
				SWIFT_VERSION = 4.2;
				TARGETED_DEVICE_FAMILY = "1,2";
			};
			name = Release;
		};
		7C6A3F1322AD474C00B6AA8F /* Debug */ = {
			isa = XCBuildConfiguration;
			buildSettings = {
				ALWAYS_EMBED_SWIFT_STANDARD_LIBRARIES = YES;
				BUNDLE_LOADER = "$(TEST_HOST)";
				CODE_SIGN_STYLE = Automatic;
				INFOPLIST_FILE = PetShopTests/Info.plist;
				LD_RUNPATH_SEARCH_PATHS = (
					"$(inherited)",
					"@executable_path/Frameworks",
					"@loader_path/Frameworks",
				);
				PRODUCT_BUNDLE_IDENTIFIER = com.netpace.PetShopTests;
				PRODUCT_NAME = "$(TARGET_NAME)";
				SWIFT_VERSION = 4.2;
				TARGETED_DEVICE_FAMILY = "1,2";
				TEST_HOST = "$(BUILT_PRODUCTS_DIR)/PetShop.app/PetShop";
			};
			name = Debug;
		};
		7C6A3F1422AD474C00B6AA8F /* Release */ = {
			isa = XCBuildConfiguration;
			buildSettings = {
				ALWAYS_EMBED_SWIFT_STANDARD_LIBRARIES = YES;
				BUNDLE_LOADER = "$(TEST_HOST)";
				CODE_SIGN_STYLE = Automatic;
				INFOPLIST_FILE = PetShopTests/Info.plist;
				LD_RUNPATH_SEARCH_PATHS = (
					"$(inherited)",
					"@executable_path/Frameworks",
					"@loader_path/Frameworks",
				);
				PRODUCT_BUNDLE_IDENTIFIER = com.netpace.PetShopTests;
				PRODUCT_NAME = "$(TARGET_NAME)";
				SWIFT_VERSION = 4.2;
				TARGETED_DEVICE_FAMILY = "1,2";
				TEST_HOST = "$(BUILT_PRODUCTS_DIR)/PetShop.app/PetShop";
			};
			name = Release;
		};
		7C6A3F1622AD474C00B6AA8F /* Debug */ = {
			isa = XCBuildConfiguration;
			buildSettings = {
				ALWAYS_EMBED_SWIFT_STANDARD_LIBRARIES = YES;
				CODE_SIGN_STYLE = Automatic;
				INFOPLIST_FILE = PetShopUITests/Info.plist;
				LD_RUNPATH_SEARCH_PATHS = (
					"$(inherited)",
					"@executable_path/Frameworks",
					"@loader_path/Frameworks",
				);
				PRODUCT_BUNDLE_IDENTIFIER = com.netpace.PetShopUITests;
				PRODUCT_NAME = "$(TARGET_NAME)";
				SWIFT_VERSION = 4.2;
				TARGETED_DEVICE_FAMILY = "1,2";
				TEST_TARGET_NAME = PetShop;
			};
			name = Debug;
		};
		7C6A3F1722AD474C00B6AA8F /* Release */ = {
			isa = XCBuildConfiguration;
			buildSettings = {
				ALWAYS_EMBED_SWIFT_STANDARD_LIBRARIES = YES;
				CODE_SIGN_STYLE = Automatic;
				INFOPLIST_FILE = PetShopUITests/Info.plist;
				LD_RUNPATH_SEARCH_PATHS = (
					"$(inherited)",
					"@executable_path/Frameworks",
					"@loader_path/Frameworks",
				);
				PRODUCT_BUNDLE_IDENTIFIER = com.netpace.PetShopUITests;
				PRODUCT_NAME = "$(TARGET_NAME)";
				SWIFT_VERSION = 4.2;
				TARGETED_DEVICE_FAMILY = "1,2";
				TEST_TARGET_NAME = PetShop;
			};
			name = Release;
		};
/* End XCBuildConfiguration section */

/* Begin XCConfigurationList section */
		7C6A3EDF22AD474900B6AA8F /* Build configuration list for PBXProject "PetShop" */ = {
			isa = XCConfigurationList;
			buildConfigurations = (
				7C6A3F0D22AD474C00B6AA8F /* Debug */,
				7C6A3F0E22AD474C00B6AA8F /* Release */,
			);
			defaultConfigurationIsVisible = 0;
			defaultConfigurationName = Release;
		};
		7C6A3F0F22AD474C00B6AA8F /* Build configuration list for PBXNativeTarget "PetShop" */ = {
			isa = XCConfigurationList;
			buildConfigurations = (
				7C6A3F1022AD474C00B6AA8F /* Debug */,
				7C6A3F1122AD474C00B6AA8F /* Release */,
			);
			defaultConfigurationIsVisible = 0;
			defaultConfigurationName = Release;
		};
		7C6A3F1222AD474C00B6AA8F /* Build configuration list for PBXNativeTarget "PetShopTests" */ = {
			isa = XCConfigurationList;
			buildConfigurations = (
				7C6A3F1322AD474C00B6AA8F /* Debug */,
				7C6A3F1422AD474C00B6AA8F /* Release */,
			);
			defaultConfigurationIsVisible = 0;
			defaultConfigurationName = Release;
		};
		7C6A3F1522AD474C00B6AA8F /* Build configuration list for PBXNativeTarget "PetShopUITests" */ = {
			isa = XCConfigurationList;
			buildConfigurations = (
				7C6A3F1622AD474C00B6AA8F /* Debug */,
				7C6A3F1722AD474C00B6AA8F /* Release */,
			);
			defaultConfigurationIsVisible = 0;
			defaultConfigurationName = Release;
		};
/* End XCConfigurationList section */

/* Begin XCVersionGroup section */
		7C6A3EEE22AD474900B6AA8F /* PetShop.xcdatamodeld */ = {
			isa = XCVersionGroup;
			children = (
				7C6A3EEF22AD474900B6AA8F /* PetShop.xcdatamodel */,
			);
			currentVersion = 7C6A3EEF22AD474900B6AA8F /* PetShop.xcdatamodel */;
			path = PetShop.xcdatamodeld;
			sourceTree = "<group>";
			versionGroupType = wrapper.xcdatamodel;
		};
/* End XCVersionGroup section */
	};
	rootObject = 7C6A3EDC22AD474900B6AA8F /* Project object */;
}
